{
  "nodes": {
    "fastgltf-src": {
      "flake": false,
      "locked": {
        "lastModified": 1752008697,
        "narHash": "sha256-15hFpOZdCo1I9+XJpbtEk3sqE19IO67PpbnpE4RnbBU=",
        "owner": "spnda",
        "repo": "fastgltf",
        "rev": "0d1b67a28c4950ea2deb796702006dcbe31e02b3",
        "type": "github"
      },
      "original": {
        "owner": "spnda",
        "ref": "v0.9.0",
        "repo": "fastgltf",
        "type": "github"
      }
    },
    "gemmi-src": {
      "flake": false,
      "locked": {
        "lastModified": 1725632657,
        "narHash": "sha256-Y7gQSh9C7smoXuGWgpJI3hPIg06Jns+1dBpmMxuCrKE=",
        "owner": "project-gemmi",
        "repo": "gemmi",
        "rev": "0da57ac70a26e98949f28530e41aed841c8c9cfd",
        "type": "github"
      },
      "original": {
        "owner": "project-gemmi",
        "ref": "v0.6.7",
        "repo": "gemmi",
        "type": "github"
      }
    },
    "nixpkgs": {
      "locked": {
        "lastModified": 1769018530,
        "narHash": "sha256-MJ27Cy2NtBEV5tsK+YraYr2g851f3Fl1LpNHDzDX15c=",
        "owner": "nixos",
        "repo": "nixpkgs",
        "rev": "88d3861acdd3d2f0e361767018218e51810df8a1",
        "type": "github"
      },
      "original": {
        "owner": "nixos",
        "ref": "nixos-unstable",
        "repo": "nixpkgs",
        "type": "github"
      }
    },
    "root": {
      "inputs": {
        "fastgltf-src": "fastgltf-src",
        "gemmi-src": "gemmi-src",
        "nixpkgs": "nixpkgs"
      }
    }
  },
  "root": "root",
  "version": 7
}
